PODS:
  - AFNetworking (4.0.1):
    - AFNetworking/NSURLSession (= 4.0.1)
    - AFNetworking/Reachability (= 4.0.1)
    - AFNetworking/Security (= 4.0.1)
    - AFNetworking/Serialization (= 4.0.1)
    - AFNetworking/UIKit (= 4.0.1)
  - AFNetworking/NSURLSession (4.0.1):
    - AFNetworking/Reachability
    - AFNetworking/Security
    - AFNetworking/Serialization
  - AFNetworking/Reachability (4.0.1)
  - AFNetworking/Security (4.0.1)
  - AFNetworking/Serialization (4.0.1)
  - AFNetworking/UIKit (4.0.1):
    - AFNetworking/NSURLSession
  - Alamofire (5.6.2)
  - NSURLSession-Mock (1.1.0)

DEPENDENCIES:
  - AFNetworking
  - Alamofire
  - NSURLSession-Mock (from `../`)

SPEC REPOS:
  https://github.com/CocoaPods/Specs.git:
    - AFNetworking
    - Alamofire

EXTERNAL SOURCES:
  NSURLSession-Mock:
    :path: "../"

SPEC CHECKSUMS:
  AFNetworking: 7864c38297c79aaca1500c33288e429c3451fdce
  Alamofire: d368e1ff8a298e6dde360e35a3e68e6c610e7204
  NSURLSession-Mock: 10d4360503b21407c0df94e826bd983717fc11ce

PODFILE CHECKSUM: 2be8623d029ba641e352e10968faaf659484a2ee

COCOAPODS: 1.10.1
